
Microsoft Visual Studio Solution File, Format Version 12.00
# Visual Studio 15
VisualStudioVersion = 15.0.26124.0
MinimumVisualStudioVersion = 15.0.26124.0
Project("{9A19103F-16F7-4668-BE54-9A1E7A4F7556}") = "GovUk.Education.ExploreEducationStatistics.Content.Api", "GovUk.Education.ExploreEducationStatistics.Content.Api\GovUk.Education.ExploreEducationStatistics.Content.Api.csproj", "{76F436E4-05AB-4E6E-9007-047937CE1A8B}"
EndProject
Project("{9A19103F-16F7-4668-BE54-9A1E7A4F7556}") = "GovUk.Education.ExploreEducationStatistics.Data.Api.Tests", "GovUk.Education.ExploreEducationStatistics.Data.Api.Tests\GovUk.Education.ExploreEducationStatistics.Data.Api.Tests.csproj", "{C6673886-11C0-49AA-A29A-1EA960D9F09C}"
EndProject
Project("{9A19103F-16F7-4668-BE54-9A1E7A4F7556}") = "GovUk.Education.ExploreEducationStatistics.Admin", "GovUk.Education.ExploreEducationStatistics.Admin\GovUk.Education.ExploreEducationStatistics.Admin.csproj", "{334F4A60-04CF-4A6B-9AA2-FF991682FCBA}"
EndProject
Project("{9A19103F-16F7-4668-BE54-9A1E7A4F7556}") = "GovUk.Education.ExploreEducationStatistics.Admin.Tests", "GovUk.Education.ExploreEducationStatistics.Admin.Tests\GovUk.Education.ExploreEducationStatistics.Admin.Tests.csproj", "{3D3C5420-6BC2-42C2-82BC-5953493C9827}"
EndProject
Project("{9A19103F-16F7-4668-BE54-9A1E7A4F7556}") = "GovUk.Education.ExploreEducationStatistics.Content.Api.Tests", "GovUk.Education.ExploreEducationStatistics.Content.Api.Tests\GovUk.Education.ExploreEducationStatistics.Content.Api.Tests.csproj", "{D9CB3DDD-2A72-435F-A7F9-8CA1FB612F3F}"
EndProject
Project("{9A19103F-16F7-4668-BE54-9A1E7A4F7556}") = "GovUk.Education.ExploreEducationStatistics.Data.Model", "GovUk.Education.ExploreEducationStatistics.Data.Model\GovUk.Education.ExploreEducationStatistics.Data.Model.csproj", "{E4E6A67C-DF65-4C68-ABF6-261F04F2474B}"
EndProject
Project("{9A19103F-16F7-4668-BE54-9A1E7A4F7556}") = "GovUk.Education.ExploreEducationStatistics.Notifier", "GovUk.Education.ExploreEducationStatistics.Notifier\GovUk.Education.ExploreEducationStatistics.Notifier.csproj", "{2D23B0C4-2B0B-451A-966E-F2EBCA515D44}"
EndProject
Project("{9A19103F-16F7-4668-BE54-9A1E7A4F7556}") = "GovUk.Education.ExploreEducationStatistics.Data.Processor", "GovUk.Education.ExploreEducationStatistics.Data.Processor\GovUk.Education.ExploreEducationStatistics.Data.Processor.csproj", "{A2C4B1D6-AF13-4AF2-A292-8FE1E9E027A9}"
EndProject
Project("{FAE04EC0-301F-11D3-BF4B-00C04F79EFBC}") = "GovUk.Education.ExploreEducationStatistics.Content.Model", "GovUk.Education.ExploreEducationStatistics.Content.Model\GovUk.Education.ExploreEducationStatistics.Content.Model.csproj", "{C49AB169-1552-4AD4-AA30-3FF6A966D8D1}"
EndProject
Project("{FAE04EC0-301F-11D3-BF4B-00C04F79EFBC}") = "GovUk.Education.ExploreEducationStatistics.Data.Processor.Model", "GovUk.Education.ExploreEducationStatistics.Data.Processor.Model\GovUk.Education.ExploreEducationStatistics.Data.Processor.Model.csproj", "{FE406A88-2C5F-4B8D-AC31-50BC609F078D}"
EndProject
Project("{FAE04EC0-301F-11D3-BF4B-00C04F79EFBC}") = "GovUk.Education.ExploreEducationStatistics.Publisher", "GovUk.Education.ExploreEducationStatistics.Publisher\GovUk.Education.ExploreEducationStatistics.Publisher.csproj", "{0C2892F2-A67B-4BA9-9402-0A60C93019D4}"
EndProject
Project("{FAE04EC0-301F-11D3-BF4B-00C04F79EFBC}") = "GovUk.Education.ExploreEducationStatistics.Publisher.Model", "GovUk.Education.ExploreEducationStatistics.Publisher.Model\GovUk.Education.ExploreEducationStatistics.Publisher.Model.csproj", "{A27BDC09-41CC-4CBC-BB76-53A89E208A0B}"
EndProject
Project("{FAE04EC0-301F-11D3-BF4B-00C04F79EFBC}") = "GovUk.Education.ExploreEducationStatistics.Common", "GovUk.Education.ExploreEducationStatistics.Common\GovUk.Education.ExploreEducationStatistics.Common.csproj", "{1DCF1E49-DBF1-4D3D-8C13-C3FA7176DEC2}"
EndProject
Project("{FAE04EC0-301F-11D3-BF4B-00C04F79EFBC}") = "GovUk.Education.ExploreEducationStatistics.Common.Tests", "GovUk.Education.ExploreEducationStatistics.Common.Tests\GovUk.Education.ExploreEducationStatistics.Common.Tests.csproj", "{EAB4D710-008F-4E76-AF16-1E54FC79CE46}"
EndProject
Project("{FAE04EC0-301F-11D3-BF4B-00C04F79EFBC}") = "GovUk.Education.ExploreEducationStatistics.Content.Model.Tests", "GovUk.Education.ExploreEducationStatistics.Content.Model.Tests\GovUk.Education.ExploreEducationStatistics.Content.Model.Tests.csproj", "{CBEA0257-C279-40C9-B67B-DEDE7CBBFD50}"
EndProject
Project("{FAE04EC0-301F-11D3-BF4B-00C04F79EFBC}") = "GovUk.Education.ExploreEducationStatistics.Data.Services", "GovUk.Education.ExploreEducationStatistics.Data.Services\GovUk.Education.ExploreEducationStatistics.Data.Services.csproj", "{B430CD42-D603-46DA-8F2D-696335DEE43F}"
EndProject
Project("{FAE04EC0-301F-11D3-BF4B-00C04F79EFBC}") = "GovUk.Education.ExploreEducationStatistics.Data.Services.Tests", "GovUk.Education.ExploreEducationStatistics.Data.Services.Tests\GovUk.Education.ExploreEducationStatistics.Data.Services.Tests.csproj", "{1FBC2FB0-1DCA-4E53-818A-B30977D96376}"
EndProject
Project("{FAE04EC0-301F-11D3-BF4B-00C04F79EFBC}") = "GovUk.Education.ExploreEducationStatistics.Notifier.Model", "GovUk.Education.ExploreEducationStatistics.Notifier.Model\GovUk.Education.ExploreEducationStatistics.Notifier.Model.csproj", "{BEBD1809-3E17-4FC1-8A74-A1DFB03D7CBA}"
EndProject
Project("{FAE04EC0-301F-11D3-BF4B-00C04F79EFBC}") = "GovUk.Education.ExploreEducationStatistics.Data.Api", "GovUk.Education.ExploreEducationStatistics.Data.Api\GovUk.Education.ExploreEducationStatistics.Data.Api.csproj", "{6848A002-74A0-45FE-8EED-D965A4BBE2D1}"
EndProject
Project("{FAE04EC0-301F-11D3-BF4B-00C04F79EFBC}") = "GovUk.Education.ExploreEducationStatistics.Publisher.Tests", "GovUk.Education.ExploreEducationStatistics.Publisher.Tests\GovUk.Education.ExploreEducationStatistics.Publisher.Tests.csproj", "{27D98631-3657-431E-B27B-E0B4BCCDCB89}"
EndProject
Project("{FAE04EC0-301F-11D3-BF4B-00C04F79EFBC}") = "GovUk.Education.ExploreEducationStatistics.Data.Model.Tests", "GovUk.Education.ExploreEducationStatistics.Data.Model.Tests\GovUk.Education.ExploreEducationStatistics.Data.Model.Tests.csproj", "{3C5E55E5-D879-43CC-8F8C-C706EE9E63EF}"
EndProject
Project("{FAE04EC0-301F-11D3-BF4B-00C04F79EFBC}") = "GovUk.Education.ExploreEducationStatistics.Data.Processor.Tests", "GovUk.Education.ExploreEducationStatistics.Data.Processor.Tests\GovUk.Education.ExploreEducationStatistics.Data.Processor.Tests.csproj", "{98E32217-944F-4978-B7AD-6DDA250EF15C}"
EndProject
Project("{FAE04EC0-301F-11D3-BF4B-00C04F79EFBC}") = "GovUk.Education.ExploreEducationStatistics.Content.Security", "GovUk.Education.ExploreEducationStatistics.Content.Security\GovUk.Education.ExploreEducationStatistics.Content.Security.csproj", "{9427EE59-63CD-4B67-9C26-F7A202E0AE3A}"
EndProject
Project("{FAE04EC0-301F-11D3-BF4B-00C04F79EFBC}") = "GovUk.Education.ExploreEducationStatistics.Content.Security.Tests", "GovUk.Education.ExploreEducationStatistics.Content.Security.Tests\GovUk.Education.ExploreEducationStatistics.Content.Security.Tests.csproj", "{FF6B60C8-9705-4E10-92E4-ADB3F2D98AB0}"
EndProject
Project("{FAE04EC0-301F-11D3-BF4B-00C04F79EFBC}") = "GovUk.Education.ExploreEducationStatistics.Content.Services", "GovUk.Education.ExploreEducationStatistics.Content.Services\GovUk.Education.ExploreEducationStatistics.Content.Services.csproj", "{E264B9FE-B4E3-46B6-9CCD-4143EC0E73A1}"
EndProject
Project("{FAE04EC0-301F-11D3-BF4B-00C04F79EFBC}") = "GovUk.Education.ExploreEducationStatistics.Content.Services.Tests", "GovUk.Education.ExploreEducationStatistics.Content.Services.Tests\GovUk.Education.ExploreEducationStatistics.Content.Services.Tests.csproj", "{A63E0763-E665-4F7B-9C99-74042C652D8B}"
EndProject
Global
	GlobalSection(SolutionConfigurationPlatforms) = preSolution
		Debug|Any CPU = Debug|Any CPU
		Debug|x64 = Debug|x64
		Debug|x86 = Debug|x86
		Release|Any CPU = Release|Any CPU
		Release|x64 = Release|x64
		Release|x86 = Release|x86
	EndGlobalSection
	GlobalSection(ProjectConfigurationPlatforms) = postSolution
		{76F436E4-05AB-4E6E-9007-047937CE1A8B}.Debug|Any CPU.ActiveCfg = Debug|Any CPU
		{76F436E4-05AB-4E6E-9007-047937CE1A8B}.Debug|Any CPU.Build.0 = Debug|Any CPU
		{76F436E4-05AB-4E6E-9007-047937CE1A8B}.Debug|x64.ActiveCfg = Debug|Any CPU
		{76F436E4-05AB-4E6E-9007-047937CE1A8B}.Debug|x64.Build.0 = Debug|Any CPU
		{76F436E4-05AB-4E6E-9007-047937CE1A8B}.Debug|x86.ActiveCfg = Debug|Any CPU
		{76F436E4-05AB-4E6E-9007-047937CE1A8B}.Debug|x86.Build.0 = Debug|Any CPU
		{76F436E4-05AB-4E6E-9007-047937CE1A8B}.Release|Any CPU.ActiveCfg = Release|Any CPU
		{76F436E4-05AB-4E6E-9007-047937CE1A8B}.Release|Any CPU.Build.0 = Release|Any CPU
		{76F436E4-05AB-4E6E-9007-047937CE1A8B}.Release|x64.ActiveCfg = Release|Any CPU
		{76F436E4-05AB-4E6E-9007-047937CE1A8B}.Release|x64.Build.0 = Release|Any CPU
		{76F436E4-05AB-4E6E-9007-047937CE1A8B}.Release|x86.ActiveCfg = Release|Any CPU
		{76F436E4-05AB-4E6E-9007-047937CE1A8B}.Release|x86.Build.0 = Release|Any CPU
		{C6673886-11C0-49AA-A29A-1EA960D9F09C}.Debug|Any CPU.ActiveCfg = Debug|Any CPU
		{C6673886-11C0-49AA-A29A-1EA960D9F09C}.Debug|Any CPU.Build.0 = Debug|Any CPU
		{C6673886-11C0-49AA-A29A-1EA960D9F09C}.Debug|x64.ActiveCfg = Debug|Any CPU
		{C6673886-11C0-49AA-A29A-1EA960D9F09C}.Debug|x64.Build.0 = Debug|Any CPU
		{C6673886-11C0-49AA-A29A-1EA960D9F09C}.Debug|x86.ActiveCfg = Debug|Any CPU
		{C6673886-11C0-49AA-A29A-1EA960D9F09C}.Debug|x86.Build.0 = Debug|Any CPU
		{C6673886-11C0-49AA-A29A-1EA960D9F09C}.Release|Any CPU.ActiveCfg = Release|Any CPU
		{C6673886-11C0-49AA-A29A-1EA960D9F09C}.Release|Any CPU.Build.0 = Release|Any CPU
		{C6673886-11C0-49AA-A29A-1EA960D9F09C}.Release|x64.ActiveCfg = Release|Any CPU
		{C6673886-11C0-49AA-A29A-1EA960D9F09C}.Release|x64.Build.0 = Release|Any CPU
		{C6673886-11C0-49AA-A29A-1EA960D9F09C}.Release|x86.ActiveCfg = Release|Any CPU
		{C6673886-11C0-49AA-A29A-1EA960D9F09C}.Release|x86.Build.0 = Release|Any CPU
		{334F4A60-04CF-4A6B-9AA2-FF991682FCBA}.Debug|Any CPU.ActiveCfg = Debug|Any CPU
		{334F4A60-04CF-4A6B-9AA2-FF991682FCBA}.Debug|Any CPU.Build.0 = Debug|Any CPU
		{334F4A60-04CF-4A6B-9AA2-FF991682FCBA}.Debug|x64.ActiveCfg = Debug|Any CPU
		{334F4A60-04CF-4A6B-9AA2-FF991682FCBA}.Debug|x64.Build.0 = Debug|Any CPU
		{334F4A60-04CF-4A6B-9AA2-FF991682FCBA}.Debug|x86.ActiveCfg = Debug|Any CPU
		{334F4A60-04CF-4A6B-9AA2-FF991682FCBA}.Debug|x86.Build.0 = Debug|Any CPU
		{334F4A60-04CF-4A6B-9AA2-FF991682FCBA}.Release|Any CPU.ActiveCfg = Release|Any CPU
		{334F4A60-04CF-4A6B-9AA2-FF991682FCBA}.Release|Any CPU.Build.0 = Release|Any CPU
		{334F4A60-04CF-4A6B-9AA2-FF991682FCBA}.Release|x64.ActiveCfg = Release|Any CPU
		{334F4A60-04CF-4A6B-9AA2-FF991682FCBA}.Release|x64.Build.0 = Release|Any CPU
		{334F4A60-04CF-4A6B-9AA2-FF991682FCBA}.Release|x86.ActiveCfg = Release|Any CPU
		{334F4A60-04CF-4A6B-9AA2-FF991682FCBA}.Release|x86.Build.0 = Release|Any CPU
		{3D3C5420-6BC2-42C2-82BC-5953493C9827}.Debug|Any CPU.ActiveCfg = Debug|Any CPU
		{3D3C5420-6BC2-42C2-82BC-5953493C9827}.Debug|Any CPU.Build.0 = Debug|Any CPU
		{3D3C5420-6BC2-42C2-82BC-5953493C9827}.Debug|x64.ActiveCfg = Debug|Any CPU
		{3D3C5420-6BC2-42C2-82BC-5953493C9827}.Debug|x64.Build.0 = Debug|Any CPU
		{3D3C5420-6BC2-42C2-82BC-5953493C9827}.Debug|x86.ActiveCfg = Debug|Any CPU
		{3D3C5420-6BC2-42C2-82BC-5953493C9827}.Debug|x86.Build.0 = Debug|Any CPU
		{3D3C5420-6BC2-42C2-82BC-5953493C9827}.Release|Any CPU.ActiveCfg = Release|Any CPU
		{3D3C5420-6BC2-42C2-82BC-5953493C9827}.Release|Any CPU.Build.0 = Release|Any CPU
		{3D3C5420-6BC2-42C2-82BC-5953493C9827}.Release|x64.ActiveCfg = Release|Any CPU
		{3D3C5420-6BC2-42C2-82BC-5953493C9827}.Release|x64.Build.0 = Release|Any CPU
		{3D3C5420-6BC2-42C2-82BC-5953493C9827}.Release|x86.ActiveCfg = Release|Any CPU
		{3D3C5420-6BC2-42C2-82BC-5953493C9827}.Release|x86.Build.0 = Release|Any CPU
		{D9CB3DDD-2A72-435F-A7F9-8CA1FB612F3F}.Debug|Any CPU.ActiveCfg = Debug|Any CPU
		{D9CB3DDD-2A72-435F-A7F9-8CA1FB612F3F}.Debug|Any CPU.Build.0 = Debug|Any CPU
		{D9CB3DDD-2A72-435F-A7F9-8CA1FB612F3F}.Debug|x64.ActiveCfg = Debug|Any CPU
		{D9CB3DDD-2A72-435F-A7F9-8CA1FB612F3F}.Debug|x64.Build.0 = Debug|Any CPU
		{D9CB3DDD-2A72-435F-A7F9-8CA1FB612F3F}.Debug|x86.ActiveCfg = Debug|Any CPU
		{D9CB3DDD-2A72-435F-A7F9-8CA1FB612F3F}.Debug|x86.Build.0 = Debug|Any CPU
		{D9CB3DDD-2A72-435F-A7F9-8CA1FB612F3F}.Release|Any CPU.ActiveCfg = Release|Any CPU
		{D9CB3DDD-2A72-435F-A7F9-8CA1FB612F3F}.Release|Any CPU.Build.0 = Release|Any CPU
		{D9CB3DDD-2A72-435F-A7F9-8CA1FB612F3F}.Release|x64.ActiveCfg = Release|Any CPU
		{D9CB3DDD-2A72-435F-A7F9-8CA1FB612F3F}.Release|x64.Build.0 = Release|Any CPU
		{D9CB3DDD-2A72-435F-A7F9-8CA1FB612F3F}.Release|x86.ActiveCfg = Release|Any CPU
		{D9CB3DDD-2A72-435F-A7F9-8CA1FB612F3F}.Release|x86.Build.0 = Release|Any CPU
		{E4E6A67C-DF65-4C68-ABF6-261F04F2474B}.Debug|Any CPU.ActiveCfg = Debug|Any CPU
		{E4E6A67C-DF65-4C68-ABF6-261F04F2474B}.Debug|Any CPU.Build.0 = Debug|Any CPU
		{E4E6A67C-DF65-4C68-ABF6-261F04F2474B}.Debug|x64.ActiveCfg = Debug|Any CPU
		{E4E6A67C-DF65-4C68-ABF6-261F04F2474B}.Debug|x64.Build.0 = Debug|Any CPU
		{E4E6A67C-DF65-4C68-ABF6-261F04F2474B}.Debug|x86.ActiveCfg = Debug|Any CPU
		{E4E6A67C-DF65-4C68-ABF6-261F04F2474B}.Debug|x86.Build.0 = Debug|Any CPU
		{E4E6A67C-DF65-4C68-ABF6-261F04F2474B}.Release|Any CPU.ActiveCfg = Release|Any CPU
		{E4E6A67C-DF65-4C68-ABF6-261F04F2474B}.Release|Any CPU.Build.0 = Release|Any CPU
		{E4E6A67C-DF65-4C68-ABF6-261F04F2474B}.Release|x64.ActiveCfg = Release|Any CPU
		{E4E6A67C-DF65-4C68-ABF6-261F04F2474B}.Release|x64.Build.0 = Release|Any CPU
		{E4E6A67C-DF65-4C68-ABF6-261F04F2474B}.Release|x86.ActiveCfg = Release|Any CPU
		{E4E6A67C-DF65-4C68-ABF6-261F04F2474B}.Release|x86.Build.0 = Release|Any CPU
		{2D23B0C4-2B0B-451A-966E-F2EBCA515D44}.Debug|Any CPU.ActiveCfg = Debug|Any CPU
		{2D23B0C4-2B0B-451A-966E-F2EBCA515D44}.Debug|Any CPU.Build.0 = Debug|Any CPU
		{2D23B0C4-2B0B-451A-966E-F2EBCA515D44}.Debug|x64.ActiveCfg = Debug|Any CPU
		{2D23B0C4-2B0B-451A-966E-F2EBCA515D44}.Debug|x64.Build.0 = Debug|Any CPU
		{2D23B0C4-2B0B-451A-966E-F2EBCA515D44}.Debug|x86.ActiveCfg = Debug|Any CPU
		{2D23B0C4-2B0B-451A-966E-F2EBCA515D44}.Debug|x86.Build.0 = Debug|Any CPU
		{2D23B0C4-2B0B-451A-966E-F2EBCA515D44}.Release|Any CPU.ActiveCfg = Release|Any CPU
		{2D23B0C4-2B0B-451A-966E-F2EBCA515D44}.Release|Any CPU.Build.0 = Release|Any CPU
		{2D23B0C4-2B0B-451A-966E-F2EBCA515D44}.Release|x64.ActiveCfg = Release|Any CPU
		{2D23B0C4-2B0B-451A-966E-F2EBCA515D44}.Release|x64.Build.0 = Release|Any CPU
		{2D23B0C4-2B0B-451A-966E-F2EBCA515D44}.Release|x86.ActiveCfg = Release|Any CPU
		{2D23B0C4-2B0B-451A-966E-F2EBCA515D44}.Release|x86.Build.0 = Release|Any CPU
		{A2C4B1D6-AF13-4AF2-A292-8FE1E9E027A9}.Debug|Any CPU.ActiveCfg = Debug|Any CPU
		{A2C4B1D6-AF13-4AF2-A292-8FE1E9E027A9}.Debug|Any CPU.Build.0 = Debug|Any CPU
		{A2C4B1D6-AF13-4AF2-A292-8FE1E9E027A9}.Debug|x64.ActiveCfg = Debug|Any CPU
		{A2C4B1D6-AF13-4AF2-A292-8FE1E9E027A9}.Debug|x64.Build.0 = Debug|Any CPU
		{A2C4B1D6-AF13-4AF2-A292-8FE1E9E027A9}.Debug|x86.ActiveCfg = Debug|Any CPU
		{A2C4B1D6-AF13-4AF2-A292-8FE1E9E027A9}.Debug|x86.Build.0 = Debug|Any CPU
		{A2C4B1D6-AF13-4AF2-A292-8FE1E9E027A9}.Release|Any CPU.ActiveCfg = Release|Any CPU
		{A2C4B1D6-AF13-4AF2-A292-8FE1E9E027A9}.Release|Any CPU.Build.0 = Release|Any CPU
		{A2C4B1D6-AF13-4AF2-A292-8FE1E9E027A9}.Release|x64.ActiveCfg = Release|Any CPU
		{A2C4B1D6-AF13-4AF2-A292-8FE1E9E027A9}.Release|x64.Build.0 = Release|Any CPU
		{A2C4B1D6-AF13-4AF2-A292-8FE1E9E027A9}.Release|x86.ActiveCfg = Release|Any CPU
		{A2C4B1D6-AF13-4AF2-A292-8FE1E9E027A9}.Release|x86.Build.0 = Release|Any CPU
		{C49AB169-1552-4AD4-AA30-3FF6A966D8D1}.Debug|Any CPU.ActiveCfg = Debug|Any CPU
		{C49AB169-1552-4AD4-AA30-3FF6A966D8D1}.Debug|Any CPU.Build.0 = Debug|Any CPU
		{C49AB169-1552-4AD4-AA30-3FF6A966D8D1}.Debug|x64.ActiveCfg = Debug|Any CPU
		{C49AB169-1552-4AD4-AA30-3FF6A966D8D1}.Debug|x64.Build.0 = Debug|Any CPU
		{C49AB169-1552-4AD4-AA30-3FF6A966D8D1}.Debug|x86.ActiveCfg = Debug|Any CPU
		{C49AB169-1552-4AD4-AA30-3FF6A966D8D1}.Debug|x86.Build.0 = Debug|Any CPU
		{C49AB169-1552-4AD4-AA30-3FF6A966D8D1}.Release|Any CPU.ActiveCfg = Release|Any CPU
		{C49AB169-1552-4AD4-AA30-3FF6A966D8D1}.Release|Any CPU.Build.0 = Release|Any CPU
		{C49AB169-1552-4AD4-AA30-3FF6A966D8D1}.Release|x64.ActiveCfg = Release|Any CPU
		{C49AB169-1552-4AD4-AA30-3FF6A966D8D1}.Release|x64.Build.0 = Release|Any CPU
		{C49AB169-1552-4AD4-AA30-3FF6A966D8D1}.Release|x86.ActiveCfg = Release|Any CPU
		{C49AB169-1552-4AD4-AA30-3FF6A966D8D1}.Release|x86.Build.0 = Release|Any CPU
		{FE406A88-2C5F-4B8D-AC31-50BC609F078D}.Debug|Any CPU.ActiveCfg = Debug|Any CPU
		{FE406A88-2C5F-4B8D-AC31-50BC609F078D}.Debug|Any CPU.Build.0 = Debug|Any CPU
		{FE406A88-2C5F-4B8D-AC31-50BC609F078D}.Debug|x64.ActiveCfg = Debug|Any CPU
		{FE406A88-2C5F-4B8D-AC31-50BC609F078D}.Debug|x64.Build.0 = Debug|Any CPU
		{FE406A88-2C5F-4B8D-AC31-50BC609F078D}.Debug|x86.ActiveCfg = Debug|Any CPU
		{FE406A88-2C5F-4B8D-AC31-50BC609F078D}.Debug|x86.Build.0 = Debug|Any CPU
		{FE406A88-2C5F-4B8D-AC31-50BC609F078D}.Release|Any CPU.ActiveCfg = Release|Any CPU
		{FE406A88-2C5F-4B8D-AC31-50BC609F078D}.Release|Any CPU.Build.0 = Release|Any CPU
		{FE406A88-2C5F-4B8D-AC31-50BC609F078D}.Release|x64.ActiveCfg = Release|Any CPU
		{FE406A88-2C5F-4B8D-AC31-50BC609F078D}.Release|x64.Build.0 = Release|Any CPU
		{FE406A88-2C5F-4B8D-AC31-50BC609F078D}.Release|x86.ActiveCfg = Release|Any CPU
		{FE406A88-2C5F-4B8D-AC31-50BC609F078D}.Release|x86.Build.0 = Release|Any CPU
		{0C2892F2-A67B-4BA9-9402-0A60C93019D4}.Debug|Any CPU.ActiveCfg = Debug|Any CPU
		{0C2892F2-A67B-4BA9-9402-0A60C93019D4}.Debug|Any CPU.Build.0 = Debug|Any CPU
		{0C2892F2-A67B-4BA9-9402-0A60C93019D4}.Debug|x64.ActiveCfg = Debug|Any CPU
		{0C2892F2-A67B-4BA9-9402-0A60C93019D4}.Debug|x64.Build.0 = Debug|Any CPU
		{0C2892F2-A67B-4BA9-9402-0A60C93019D4}.Debug|x86.ActiveCfg = Debug|Any CPU
		{0C2892F2-A67B-4BA9-9402-0A60C93019D4}.Debug|x86.Build.0 = Debug|Any CPU
		{0C2892F2-A67B-4BA9-9402-0A60C93019D4}.Release|Any CPU.ActiveCfg = Release|Any CPU
		{0C2892F2-A67B-4BA9-9402-0A60C93019D4}.Release|Any CPU.Build.0 = Release|Any CPU
		{0C2892F2-A67B-4BA9-9402-0A60C93019D4}.Release|x64.ActiveCfg = Release|Any CPU
		{0C2892F2-A67B-4BA9-9402-0A60C93019D4}.Release|x64.Build.0 = Release|Any CPU
		{0C2892F2-A67B-4BA9-9402-0A60C93019D4}.Release|x86.ActiveCfg = Release|Any CPU
		{0C2892F2-A67B-4BA9-9402-0A60C93019D4}.Release|x86.Build.0 = Release|Any CPU
		{A27BDC09-41CC-4CBC-BB76-53A89E208A0B}.Debug|Any CPU.ActiveCfg = Debug|Any CPU
		{A27BDC09-41CC-4CBC-BB76-53A89E208A0B}.Debug|Any CPU.Build.0 = Debug|Any CPU
		{A27BDC09-41CC-4CBC-BB76-53A89E208A0B}.Debug|x64.ActiveCfg = Debug|Any CPU
		{A27BDC09-41CC-4CBC-BB76-53A89E208A0B}.Debug|x64.Build.0 = Debug|Any CPU
		{A27BDC09-41CC-4CBC-BB76-53A89E208A0B}.Debug|x86.ActiveCfg = Debug|Any CPU
		{A27BDC09-41CC-4CBC-BB76-53A89E208A0B}.Debug|x86.Build.0 = Debug|Any CPU
		{A27BDC09-41CC-4CBC-BB76-53A89E208A0B}.Release|Any CPU.ActiveCfg = Release|Any CPU
		{A27BDC09-41CC-4CBC-BB76-53A89E208A0B}.Release|Any CPU.Build.0 = Release|Any CPU
		{A27BDC09-41CC-4CBC-BB76-53A89E208A0B}.Release|x64.ActiveCfg = Release|Any CPU
		{A27BDC09-41CC-4CBC-BB76-53A89E208A0B}.Release|x64.Build.0 = Release|Any CPU
		{A27BDC09-41CC-4CBC-BB76-53A89E208A0B}.Release|x86.ActiveCfg = Release|Any CPU
		{A27BDC09-41CC-4CBC-BB76-53A89E208A0B}.Release|x86.Build.0 = Release|Any CPU
		{1DCF1E49-DBF1-4D3D-8C13-C3FA7176DEC2}.Debug|Any CPU.ActiveCfg = Debug|Any CPU
		{1DCF1E49-DBF1-4D3D-8C13-C3FA7176DEC2}.Debug|Any CPU.Build.0 = Debug|Any CPU
		{1DCF1E49-DBF1-4D3D-8C13-C3FA7176DEC2}.Debug|x64.ActiveCfg = Debug|Any CPU
		{1DCF1E49-DBF1-4D3D-8C13-C3FA7176DEC2}.Debug|x64.Build.0 = Debug|Any CPU
		{1DCF1E49-DBF1-4D3D-8C13-C3FA7176DEC2}.Debug|x86.ActiveCfg = Debug|Any CPU
		{1DCF1E49-DBF1-4D3D-8C13-C3FA7176DEC2}.Debug|x86.Build.0 = Debug|Any CPU
		{1DCF1E49-DBF1-4D3D-8C13-C3FA7176DEC2}.Release|Any CPU.ActiveCfg = Release|Any CPU
		{1DCF1E49-DBF1-4D3D-8C13-C3FA7176DEC2}.Release|Any CPU.Build.0 = Release|Any CPU
		{1DCF1E49-DBF1-4D3D-8C13-C3FA7176DEC2}.Release|x64.ActiveCfg = Release|Any CPU
		{1DCF1E49-DBF1-4D3D-8C13-C3FA7176DEC2}.Release|x64.Build.0 = Release|Any CPU
		{1DCF1E49-DBF1-4D3D-8C13-C3FA7176DEC2}.Release|x86.ActiveCfg = Release|Any CPU
		{1DCF1E49-DBF1-4D3D-8C13-C3FA7176DEC2}.Release|x86.Build.0 = Release|Any CPU
		{EAB4D710-008F-4E76-AF16-1E54FC79CE46}.Debug|Any CPU.ActiveCfg = Debug|Any CPU
		{EAB4D710-008F-4E76-AF16-1E54FC79CE46}.Debug|Any CPU.Build.0 = Debug|Any CPU
		{EAB4D710-008F-4E76-AF16-1E54FC79CE46}.Debug|x64.ActiveCfg = Debug|Any CPU
		{EAB4D710-008F-4E76-AF16-1E54FC79CE46}.Debug|x64.Build.0 = Debug|Any CPU
		{EAB4D710-008F-4E76-AF16-1E54FC79CE46}.Debug|x86.ActiveCfg = Debug|Any CPU
		{EAB4D710-008F-4E76-AF16-1E54FC79CE46}.Debug|x86.Build.0 = Debug|Any CPU
		{EAB4D710-008F-4E76-AF16-1E54FC79CE46}.Release|Any CPU.ActiveCfg = Release|Any CPU
		{EAB4D710-008F-4E76-AF16-1E54FC79CE46}.Release|Any CPU.Build.0 = Release|Any CPU
		{EAB4D710-008F-4E76-AF16-1E54FC79CE46}.Release|x64.ActiveCfg = Release|Any CPU
		{EAB4D710-008F-4E76-AF16-1E54FC79CE46}.Release|x64.Build.0 = Release|Any CPU
		{EAB4D710-008F-4E76-AF16-1E54FC79CE46}.Release|x86.ActiveCfg = Release|Any CPU
		{EAB4D710-008F-4E76-AF16-1E54FC79CE46}.Release|x86.Build.0 = Release|Any CPU
		{CBEA0257-C279-40C9-B67B-DEDE7CBBFD50}.Debug|Any CPU.ActiveCfg = Debug|Any CPU
		{CBEA0257-C279-40C9-B67B-DEDE7CBBFD50}.Debug|Any CPU.Build.0 = Debug|Any CPU
		{CBEA0257-C279-40C9-B67B-DEDE7CBBFD50}.Debug|x64.ActiveCfg = Debug|Any CPU
		{CBEA0257-C279-40C9-B67B-DEDE7CBBFD50}.Debug|x64.Build.0 = Debug|Any CPU
		{CBEA0257-C279-40C9-B67B-DEDE7CBBFD50}.Debug|x86.ActiveCfg = Debug|Any CPU
		{CBEA0257-C279-40C9-B67B-DEDE7CBBFD50}.Debug|x86.Build.0 = Debug|Any CPU
		{CBEA0257-C279-40C9-B67B-DEDE7CBBFD50}.Release|Any CPU.ActiveCfg = Release|Any CPU
		{CBEA0257-C279-40C9-B67B-DEDE7CBBFD50}.Release|Any CPU.Build.0 = Release|Any CPU
		{CBEA0257-C279-40C9-B67B-DEDE7CBBFD50}.Release|x64.ActiveCfg = Release|Any CPU
		{CBEA0257-C279-40C9-B67B-DEDE7CBBFD50}.Release|x64.Build.0 = Release|Any CPU
		{CBEA0257-C279-40C9-B67B-DEDE7CBBFD50}.Release|x86.ActiveCfg = Release|Any CPU
		{CBEA0257-C279-40C9-B67B-DEDE7CBBFD50}.Release|x86.Build.0 = Release|Any CPU
		{B430CD42-D603-46DA-8F2D-696335DEE43F}.Debug|Any CPU.ActiveCfg = Debug|Any CPU
		{B430CD42-D603-46DA-8F2D-696335DEE43F}.Debug|Any CPU.Build.0 = Debug|Any CPU
		{B430CD42-D603-46DA-8F2D-696335DEE43F}.Debug|x64.ActiveCfg = Debug|Any CPU
		{B430CD42-D603-46DA-8F2D-696335DEE43F}.Debug|x64.Build.0 = Debug|Any CPU
		{B430CD42-D603-46DA-8F2D-696335DEE43F}.Debug|x86.ActiveCfg = Debug|Any CPU
		{B430CD42-D603-46DA-8F2D-696335DEE43F}.Debug|x86.Build.0 = Debug|Any CPU
		{B430CD42-D603-46DA-8F2D-696335DEE43F}.Release|Any CPU.ActiveCfg = Release|Any CPU
		{B430CD42-D603-46DA-8F2D-696335DEE43F}.Release|Any CPU.Build.0 = Release|Any CPU
		{B430CD42-D603-46DA-8F2D-696335DEE43F}.Release|x64.ActiveCfg = Release|Any CPU
		{B430CD42-D603-46DA-8F2D-696335DEE43F}.Release|x64.Build.0 = Release|Any CPU
		{B430CD42-D603-46DA-8F2D-696335DEE43F}.Release|x86.ActiveCfg = Release|Any CPU
		{B430CD42-D603-46DA-8F2D-696335DEE43F}.Release|x86.Build.0 = Release|Any CPU
		{1FBC2FB0-1DCA-4E53-818A-B30977D96376}.Debug|Any CPU.ActiveCfg = Debug|Any CPU
		{1FBC2FB0-1DCA-4E53-818A-B30977D96376}.Debug|Any CPU.Build.0 = Debug|Any CPU
		{1FBC2FB0-1DCA-4E53-818A-B30977D96376}.Debug|x64.ActiveCfg = Debug|Any CPU
		{1FBC2FB0-1DCA-4E53-818A-B30977D96376}.Debug|x64.Build.0 = Debug|Any CPU
		{1FBC2FB0-1DCA-4E53-818A-B30977D96376}.Debug|x86.ActiveCfg = Debug|Any CPU
		{1FBC2FB0-1DCA-4E53-818A-B30977D96376}.Debug|x86.Build.0 = Debug|Any CPU
		{1FBC2FB0-1DCA-4E53-818A-B30977D96376}.Release|Any CPU.ActiveCfg = Release|Any CPU
		{1FBC2FB0-1DCA-4E53-818A-B30977D96376}.Release|Any CPU.Build.0 = Release|Any CPU
		{1FBC2FB0-1DCA-4E53-818A-B30977D96376}.Release|x64.ActiveCfg = Release|Any CPU
		{1FBC2FB0-1DCA-4E53-818A-B30977D96376}.Release|x64.Build.0 = Release|Any CPU
		{1FBC2FB0-1DCA-4E53-818A-B30977D96376}.Release|x86.ActiveCfg = Release|Any CPU
		{1FBC2FB0-1DCA-4E53-818A-B30977D96376}.Release|x86.Build.0 = Release|Any CPU
		{BEBD1809-3E17-4FC1-8A74-A1DFB03D7CBA}.Debug|Any CPU.ActiveCfg = Debug|Any CPU
		{BEBD1809-3E17-4FC1-8A74-A1DFB03D7CBA}.Debug|Any CPU.Build.0 = Debug|Any CPU
		{BEBD1809-3E17-4FC1-8A74-A1DFB03D7CBA}.Debug|x64.ActiveCfg = Debug|Any CPU
		{BEBD1809-3E17-4FC1-8A74-A1DFB03D7CBA}.Debug|x64.Build.0 = Debug|Any CPU
		{BEBD1809-3E17-4FC1-8A74-A1DFB03D7CBA}.Debug|x86.ActiveCfg = Debug|Any CPU
		{BEBD1809-3E17-4FC1-8A74-A1DFB03D7CBA}.Debug|x86.Build.0 = Debug|Any CPU
		{BEBD1809-3E17-4FC1-8A74-A1DFB03D7CBA}.Release|Any CPU.ActiveCfg = Release|Any CPU
		{BEBD1809-3E17-4FC1-8A74-A1DFB03D7CBA}.Release|Any CPU.Build.0 = Release|Any CPU
		{BEBD1809-3E17-4FC1-8A74-A1DFB03D7CBA}.Release|x64.ActiveCfg = Release|Any CPU
		{BEBD1809-3E17-4FC1-8A74-A1DFB03D7CBA}.Release|x64.Build.0 = Release|Any CPU
		{BEBD1809-3E17-4FC1-8A74-A1DFB03D7CBA}.Release|x86.ActiveCfg = Release|Any CPU
		{BEBD1809-3E17-4FC1-8A74-A1DFB03D7CBA}.Release|x86.Build.0 = Release|Any CPU
		{6848A002-74A0-45FE-8EED-D965A4BBE2D1}.Debug|Any CPU.ActiveCfg = Debug|Any CPU
		{6848A002-74A0-45FE-8EED-D965A4BBE2D1}.Debug|Any CPU.Build.0 = Debug|Any CPU
		{6848A002-74A0-45FE-8EED-D965A4BBE2D1}.Debug|x64.ActiveCfg = Debug|Any CPU
		{6848A002-74A0-45FE-8EED-D965A4BBE2D1}.Debug|x64.Build.0 = Debug|Any CPU
		{6848A002-74A0-45FE-8EED-D965A4BBE2D1}.Debug|x86.ActiveCfg = Debug|Any CPU
		{6848A002-74A0-45FE-8EED-D965A4BBE2D1}.Debug|x86.Build.0 = Debug|Any CPU
		{6848A002-74A0-45FE-8EED-D965A4BBE2D1}.Release|Any CPU.ActiveCfg = Release|Any CPU
		{6848A002-74A0-45FE-8EED-D965A4BBE2D1}.Release|Any CPU.Build.0 = Release|Any CPU
		{6848A002-74A0-45FE-8EED-D965A4BBE2D1}.Release|x64.ActiveCfg = Release|Any CPU
		{6848A002-74A0-45FE-8EED-D965A4BBE2D1}.Release|x64.Build.0 = Release|Any CPU
		{6848A002-74A0-45FE-8EED-D965A4BBE2D1}.Release|x86.ActiveCfg = Release|Any CPU
		{6848A002-74A0-45FE-8EED-D965A4BBE2D1}.Release|x86.Build.0 = Release|Any CPU
		{27D98631-3657-431E-B27B-E0B4BCCDCB89}.Debug|Any CPU.ActiveCfg = Debug|Any CPU
		{27D98631-3657-431E-B27B-E0B4BCCDCB89}.Debug|Any CPU.Build.0 = Debug|Any CPU
		{27D98631-3657-431E-B27B-E0B4BCCDCB89}.Debug|x64.ActiveCfg = Debug|Any CPU
		{27D98631-3657-431E-B27B-E0B4BCCDCB89}.Debug|x64.Build.0 = Debug|Any CPU
		{27D98631-3657-431E-B27B-E0B4BCCDCB89}.Debug|x86.ActiveCfg = Debug|Any CPU
		{27D98631-3657-431E-B27B-E0B4BCCDCB89}.Debug|x86.Build.0 = Debug|Any CPU
		{27D98631-3657-431E-B27B-E0B4BCCDCB89}.Release|Any CPU.ActiveCfg = Release|Any CPU
		{27D98631-3657-431E-B27B-E0B4BCCDCB89}.Release|Any CPU.Build.0 = Release|Any CPU
		{27D98631-3657-431E-B27B-E0B4BCCDCB89}.Release|x64.ActiveCfg = Release|Any CPU
		{27D98631-3657-431E-B27B-E0B4BCCDCB89}.Release|x64.Build.0 = Release|Any CPU
		{27D98631-3657-431E-B27B-E0B4BCCDCB89}.Release|x86.ActiveCfg = Release|Any CPU
		{27D98631-3657-431E-B27B-E0B4BCCDCB89}.Release|x86.Build.0 = Release|Any CPU
		{3C5E55E5-D879-43CC-8F8C-C706EE9E63EF}.Debug|Any CPU.ActiveCfg = Debug|Any CPU
		{3C5E55E5-D879-43CC-8F8C-C706EE9E63EF}.Debug|Any CPU.Build.0 = Debug|Any CPU
		{3C5E55E5-D879-43CC-8F8C-C706EE9E63EF}.Debug|x64.ActiveCfg = Debug|Any CPU
		{3C5E55E5-D879-43CC-8F8C-C706EE9E63EF}.Debug|x64.Build.0 = Debug|Any CPU
		{3C5E55E5-D879-43CC-8F8C-C706EE9E63EF}.Debug|x86.ActiveCfg = Debug|Any CPU
		{3C5E55E5-D879-43CC-8F8C-C706EE9E63EF}.Debug|x86.Build.0 = Debug|Any CPU
		{3C5E55E5-D879-43CC-8F8C-C706EE9E63EF}.Release|Any CPU.ActiveCfg = Release|Any CPU
		{3C5E55E5-D879-43CC-8F8C-C706EE9E63EF}.Release|Any CPU.Build.0 = Release|Any CPU
		{3C5E55E5-D879-43CC-8F8C-C706EE9E63EF}.Release|x64.ActiveCfg = Release|Any CPU
		{3C5E55E5-D879-43CC-8F8C-C706EE9E63EF}.Release|x64.Build.0 = Release|Any CPU
		{3C5E55E5-D879-43CC-8F8C-C706EE9E63EF}.Release|x86.ActiveCfg = Release|Any CPU
		{3C5E55E5-D879-43CC-8F8C-C706EE9E63EF}.Release|x86.Build.0 = Release|Any CPU
		{98E32217-944F-4978-B7AD-6DDA250EF15C}.Debug|Any CPU.ActiveCfg = Debug|Any CPU
		{98E32217-944F-4978-B7AD-6DDA250EF15C}.Debug|Any CPU.Build.0 = Debug|Any CPU
		{98E32217-944F-4978-B7AD-6DDA250EF15C}.Debug|x64.ActiveCfg = Debug|Any CPU
		{98E32217-944F-4978-B7AD-6DDA250EF15C}.Debug|x64.Build.0 = Debug|Any CPU
		{98E32217-944F-4978-B7AD-6DDA250EF15C}.Debug|x86.ActiveCfg = Debug|Any CPU
		{98E32217-944F-4978-B7AD-6DDA250EF15C}.Debug|x86.Build.0 = Debug|Any CPU
		{98E32217-944F-4978-B7AD-6DDA250EF15C}.Release|Any CPU.ActiveCfg = Release|Any CPU
		{98E32217-944F-4978-B7AD-6DDA250EF15C}.Release|Any CPU.Build.0 = Release|Any CPU
		{98E32217-944F-4978-B7AD-6DDA250EF15C}.Release|x64.ActiveCfg = Release|Any CPU
		{98E32217-944F-4978-B7AD-6DDA250EF15C}.Release|x64.Build.0 = Release|Any CPU
		{98E32217-944F-4978-B7AD-6DDA250EF15C}.Release|x86.ActiveCfg = Release|Any CPU
		{98E32217-944F-4978-B7AD-6DDA250EF15C}.Release|x86.Build.0 = Release|Any CPU
		{9427EE59-63CD-4B67-9C26-F7A202E0AE3A}.Debug|Any CPU.ActiveCfg = Debug|Any CPU
		{9427EE59-63CD-4B67-9C26-F7A202E0AE3A}.Debug|Any CPU.Build.0 = Debug|Any CPU
		{9427EE59-63CD-4B67-9C26-F7A202E0AE3A}.Debug|x64.ActiveCfg = Debug|Any CPU
		{9427EE59-63CD-4B67-9C26-F7A202E0AE3A}.Debug|x64.Build.0 = Debug|Any CPU
		{9427EE59-63CD-4B67-9C26-F7A202E0AE3A}.Debug|x86.ActiveCfg = Debug|Any CPU
		{9427EE59-63CD-4B67-9C26-F7A202E0AE3A}.Debug|x86.Build.0 = Debug|Any CPU
		{9427EE59-63CD-4B67-9C26-F7A202E0AE3A}.Release|Any CPU.ActiveCfg = Release|Any CPU
		{9427EE59-63CD-4B67-9C26-F7A202E0AE3A}.Release|Any CPU.Build.0 = Release|Any CPU
		{9427EE59-63CD-4B67-9C26-F7A202E0AE3A}.Release|x64.ActiveCfg = Release|Any CPU
		{9427EE59-63CD-4B67-9C26-F7A202E0AE3A}.Release|x64.Build.0 = Release|Any CPU
		{9427EE59-63CD-4B67-9C26-F7A202E0AE3A}.Release|x86.ActiveCfg = Release|Any CPU
		{9427EE59-63CD-4B67-9C26-F7A202E0AE3A}.Release|x86.Build.0 = Release|Any CPU
		{FF6B60C8-9705-4E10-92E4-ADB3F2D98AB0}.Debug|Any CPU.ActiveCfg = Debug|Any CPU
		{FF6B60C8-9705-4E10-92E4-ADB3F2D98AB0}.Debug|Any CPU.Build.0 = Debug|Any CPU
		{FF6B60C8-9705-4E10-92E4-ADB3F2D98AB0}.Debug|x64.ActiveCfg = Debug|Any CPU
		{FF6B60C8-9705-4E10-92E4-ADB3F2D98AB0}.Debug|x64.Build.0 = Debug|Any CPU
		{FF6B60C8-9705-4E10-92E4-ADB3F2D98AB0}.Debug|x86.ActiveCfg = Debug|Any CPU
		{FF6B60C8-9705-4E10-92E4-ADB3F2D98AB0}.Debug|x86.Build.0 = Debug|Any CPU
		{FF6B60C8-9705-4E10-92E4-ADB3F2D98AB0}.Release|Any CPU.ActiveCfg = Release|Any CPU
		{FF6B60C8-9705-4E10-92E4-ADB3F2D98AB0}.Release|Any CPU.Build.0 = Release|Any CPU
		{FF6B60C8-9705-4E10-92E4-ADB3F2D98AB0}.Release|x64.ActiveCfg = Release|Any CPU
		{FF6B60C8-9705-4E10-92E4-ADB3F2D98AB0}.Release|x64.Build.0 = Release|Any CPU
		{FF6B60C8-9705-4E10-92E4-ADB3F2D98AB0}.Release|x86.ActiveCfg = Release|Any CPU
		{FF6B60C8-9705-4E10-92E4-ADB3F2D98AB0}.Release|x86.Build.0 = Release|Any CPU
		{E264B9FE-B4E3-46B6-9CCD-4143EC0E73A1}.Debug|Any CPU.ActiveCfg = Debug|Any CPU
		{E264B9FE-B4E3-46B6-9CCD-4143EC0E73A1}.Debug|Any CPU.Build.0 = Debug|Any CPU
		{E264B9FE-B4E3-46B6-9CCD-4143EC0E73A1}.Debug|x64.ActiveCfg = Debug|Any CPU
		{E264B9FE-B4E3-46B6-9CCD-4143EC0E73A1}.Debug|x64.Build.0 = Debug|Any CPU
		{E264B9FE-B4E3-46B6-9CCD-4143EC0E73A1}.Debug|x86.ActiveCfg = Debug|Any CPU
		{E264B9FE-B4E3-46B6-9CCD-4143EC0E73A1}.Debug|x86.Build.0 = Debug|Any CPU
		{E264B9FE-B4E3-46B6-9CCD-4143EC0E73A1}.Release|Any CPU.ActiveCfg = Release|Any CPU
		{E264B9FE-B4E3-46B6-9CCD-4143EC0E73A1}.Release|Any CPU.Build.0 = Release|Any CPU
		{E264B9FE-B4E3-46B6-9CCD-4143EC0E73A1}.Release|x64.ActiveCfg = Release|Any CPU
		{E264B9FE-B4E3-46B6-9CCD-4143EC0E73A1}.Release|x64.Build.0 = Release|Any CPU
		{E264B9FE-B4E3-46B6-9CCD-4143EC0E73A1}.Release|x86.ActiveCfg = Release|Any CPU
		{E264B9FE-B4E3-46B6-9CCD-4143EC0E73A1}.Release|x86.Build.0 = Release|Any CPU
		{A63E0763-E665-4F7B-9C99-74042C652D8B}.Debug|Any CPU.ActiveCfg = Debug|Any CPU
		{A63E0763-E665-4F7B-9C99-74042C652D8B}.Debug|Any CPU.Build.0 = Debug|Any CPU
		{A63E0763-E665-4F7B-9C99-74042C652D8B}.Debug|x64.ActiveCfg = Debug|Any CPU
		{A63E0763-E665-4F7B-9C99-74042C652D8B}.Debug|x64.Build.0 = Debug|Any CPU
		{A63E0763-E665-4F7B-9C99-74042C652D8B}.Debug|x86.ActiveCfg = Debug|Any CPU
		{A63E0763-E665-4F7B-9C99-74042C652D8B}.Debug|x86.Build.0 = Debug|Any CPU
		{A63E0763-E665-4F7B-9C99-74042C652D8B}.Release|Any CPU.ActiveCfg = Release|Any CPU
		{A63E0763-E665-4F7B-9C99-74042C652D8B}.Release|Any CPU.Build.0 = Release|Any CPU
		{A63E0763-E665-4F7B-9C99-74042C652D8B}.Release|x64.ActiveCfg = Release|Any CPU
		{A63E0763-E665-4F7B-9C99-74042C652D8B}.Release|x64.Build.0 = Release|Any CPU
		{A63E0763-E665-4F7B-9C99-74042C652D8B}.Release|x86.ActiveCfg = Release|Any CPU
		{A63E0763-E665-4F7B-9C99-74042C652D8B}.Release|x86.Build.0 = Release|Any CPU
	EndGlobalSection
	GlobalSection(SolutionProperties) = preSolution
		HideSolutionNode = FALSE
	EndGlobalSection
	GlobalSection(ExtensibilityGlobals) = postSolution
		SolutionGuid = {0DABB090-F748-4529-95DA-80E640F824CE}
	EndGlobalSection
EndGlobal
