
Microsoft Visual Studio Solution File, Format Version 12.00
# Visual Studio 15
VisualStudioVersion = 15.0.26124.0
MinimumVisualStudioVersion = 15.0.26124.0
Project("{9A19103F-16F7-4668-BE54-9A1E7A4F7556}") = "GovUk.Education.ExploreEducationStatistics.Data.Api", "GovUk.Education.ExploreEducationStatistics.Data.Api\GovUk.Education.ExploreEducationStatistics.Data.Api.csproj", "{15519CD7-84C9-467D-9A1F-12AC044F3328}"
EndProject
Project("{9A19103F-16F7-4668-BE54-9A1E7A4F7556}") = "GovUk.Education.ExploreEducationStatistics.Content.Api", "GovUk.Education.ExploreEducationStatistics.Content.Api\GovUk.Education.ExploreEducationStatistics.Content.Api.csproj", "{76F436E4-05AB-4E6E-9007-047937CE1A8B}"
EndProject
Project("{9A19103F-16F7-4668-BE54-9A1E7A4F7556}") = "GovUk.Education.ExploreEducationStatistics.Data.Api.Tests", "GovUk.Education.ExploreEducationStatistics.Data.Api.Tests\GovUk.Education.ExploreEducationStatistics.Data.Api.Tests.csproj", "{C6673886-11C0-49AA-A29A-1EA960D9F09C}"
EndProject
Project("{9A19103F-16F7-4668-BE54-9A1E7A4F7556}") = "GovUk.Education.ExploreEducationStatistics.Admin", "GovUk.Education.ExploreEducationStatistics.Admin\GovUk.Education.ExploreEducationStatistics.Admin.csproj", "{334F4A60-04CF-4A6B-9AA2-FF991682FCBA}"
EndProject
Project("{9A19103F-16F7-4668-BE54-9A1E7A4F7556}") = "GovUk.Education.ExploreEducationStatistics.Admin.Tests", "GovUk.Education.ExploreEducationStatistics.Admin.Tests\GovUk.Education.ExploreEducationStatistics.Admin.Tests.csproj", "{3D3C5420-6BC2-42C2-82BC-5953493C9827}"
EndProject
Project("{9A19103F-16F7-4668-BE54-9A1E7A4F7556}") = "GovUk.Education.ExploreEducationStatistics.Content.Api.Tests", "GovUk.Education.ExploreEducationStatistics.Content.Api.Tests\GovUk.Education.ExploreEducationStatistics.Content.Api.Tests.csproj", "{D9CB3DDD-2A72-435F-A7F9-8CA1FB612F3F}"
EndProject
Project("{9A19103F-16F7-4668-BE54-9A1E7A4F7556}") = "GovUk.Education.ExploreEducationStatistics.Data.Seed", "GovUk.Education.ExploreEducationStatistics.Data.Seed\GovUk.Education.ExploreEducationStatistics.Data.Seed.csproj", "{0F49B58C-E614-4F53-B845-A97CF4DE2EFC}"
EndProject
Project("{9A19103F-16F7-4668-BE54-9A1E7A4F7556}") = "GovUk.Education.ExploreEducationStatistics.Data.Model", "GovUk.Education.ExploreEducationStatistics.Data.Model\GovUk.Education.ExploreEducationStatistics.Data.Model.csproj", "{E4E6A67C-DF65-4C68-ABF6-261F04F2474B}"
EndProject
Project("{9A19103F-16F7-4668-BE54-9A1E7A4F7556}") = "GovUk.Education.ExploreEducationStatistics.Data.Importer", "GovUk.Education.ExploreEducationStatistics.Data.Importer\GovUk.Education.ExploreEducationStatistics.Data.Importer.csproj", "{98BB6AC4-AA9C-43A0-A2D8-266C034AE631}"
EndProject
Project("{9A19103F-16F7-4668-BE54-9A1E7A4F7556}") = "GovUk.Education.ExploreEducationStatistics.Notifier", "GovUk.Education.ExploreEducationStatistics.Notifier\GovUk.Education.ExploreEducationStatistics.Notifier.csproj", "{2D23B0C4-2B0B-451A-966E-F2EBCA515D44}"
EndProject
Project("{9A19103F-16F7-4668-BE54-9A1E7A4F7556}") = "GovUk.Education.ExploreEducationStatistics.Data.Processor", "GovUk.Education.ExploreEducationStatistics.Data.Processor\GovUk.Education.ExploreEducationStatistics.Data.Processor.csproj", "{A2C4B1D6-AF13-4AF2-A292-8FE1E9E027A9}"
EndProject
Project("{FAE04EC0-301F-11D3-BF4B-00C04F79EFBC}") = "GovUk.Education.ExploreEducationStatistics.Content.Model", "GovUk.Education.ExploreEducationStatistics.Content.Model\GovUk.Education.ExploreEducationStatistics.Content.Model.csproj", "{C49AB169-1552-4AD4-AA30-3FF6A966D8D1}"
EndProject
Project("{FAE04EC0-301F-11D3-BF4B-00C04F79EFBC}") = "GovUk.Education.ExploreEducationStatistics.Data.Processor.Model", "GovUk.Education.ExploreEducationStatistics.Data.Processor.Model\GovUk.Education.ExploreEducationStatistics.Data.Processor.Model.csproj", "{FE406A88-2C5F-4B8D-AC31-50BC609F078D}"
EndProject
Project("{FAE04EC0-301F-11D3-BF4B-00C04F79EFBC}") = "GovUk.Education.ExploreEducationStatistics.Publisher", "GovUk.Education.ExploreEducationStatistics.Publisher\GovUk.Education.ExploreEducationStatistics.Publisher.csproj", "{0C2892F2-A67B-4BA9-9402-0A60C93019D4}"
EndProject
Project("{FAE04EC0-301F-11D3-BF4B-00C04F79EFBC}") = "GovUk.Education.ExploreEducationStatistics.Publisher.Model", "GovUk.Education.ExploreEducationStatistics.Publisher.Model\GovUk.Education.ExploreEducationStatistics.Publisher.Model.csproj", "{A27BDC09-41CC-4CBC-BB76-53A89E208A0B}"
EndProject
Project("{FAE04EC0-301F-11D3-BF4B-00C04F79EFBC}") = "GovUk.Education.ExploreEducationStatistics.Common", "GovUk.Education.ExploreEducationStatistics.Common\GovUk.Education.ExploreEducationStatistics.Common.csproj", "{1DCF1E49-DBF1-4D3D-8C13-C3FA7176DEC2}"
EndProject
Project("{FAE04EC0-301F-11D3-BF4B-00C04F79EFBC}") = "GovUk.Education.ExploreEducationStatistics.Common.Tests", "GovUk.Education.ExploreEducationStatistics.Common.Tests\GovUk.Education.ExploreEducationStatistics.Common.Tests.csproj", "{EAB4D710-008F-4E76-AF16-1E54FC79CE46}"
EndProject
Global
	GlobalSection(SolutionConfigurationPlatforms) = preSolution
		Debug|Any CPU = Debug|Any CPU
		Debug|x64 = Debug|x64
		Debug|x86 = Debug|x86
		Release|Any CPU = Release|Any CPU
		Release|x64 = Release|x64
		Release|x86 = Release|x86
	EndGlobalSection
	GlobalSection(ProjectConfigurationPlatforms) = postSolution
		{15519CD7-84C9-467D-9A1F-12AC044F3328}.Debug|Any CPU.ActiveCfg = Debug|Any CPU
		{15519CD7-84C9-467D-9A1F-12AC044F3328}.Debug|Any CPU.Build.0 = Debug|Any CPU
		{15519CD7-84C9-467D-9A1F-12AC044F3328}.Debug|x64.ActiveCfg = Debug|Any CPU
		{15519CD7-84C9-467D-9A1F-12AC044F3328}.Debug|x64.Build.0 = Debug|Any CPU
		{15519CD7-84C9-467D-9A1F-12AC044F3328}.Debug|x86.ActiveCfg = Debug|Any CPU
		{15519CD7-84C9-467D-9A1F-12AC044F3328}.Debug|x86.Build.0 = Debug|Any CPU
		{15519CD7-84C9-467D-9A1F-12AC044F3328}.Release|Any CPU.ActiveCfg = Release|Any CPU
		{15519CD7-84C9-467D-9A1F-12AC044F3328}.Release|Any CPU.Build.0 = Release|Any CPU
		{15519CD7-84C9-467D-9A1F-12AC044F3328}.Release|x64.ActiveCfg = Release|Any CPU
		{15519CD7-84C9-467D-9A1F-12AC044F3328}.Release|x64.Build.0 = Release|Any CPU
		{15519CD7-84C9-467D-9A1F-12AC044F3328}.Release|x86.ActiveCfg = Release|Any CPU
		{15519CD7-84C9-467D-9A1F-12AC044F3328}.Release|x86.Build.0 = Release|Any CPU
		{76F436E4-05AB-4E6E-9007-047937CE1A8B}.Debug|Any CPU.ActiveCfg = Debug|Any CPU
		{76F436E4-05AB-4E6E-9007-047937CE1A8B}.Debug|Any CPU.Build.0 = Debug|Any CPU
		{76F436E4-05AB-4E6E-9007-047937CE1A8B}.Debug|x64.ActiveCfg = Debug|Any CPU
		{76F436E4-05AB-4E6E-9007-047937CE1A8B}.Debug|x64.Build.0 = Debug|Any CPU
		{76F436E4-05AB-4E6E-9007-047937CE1A8B}.Debug|x86.ActiveCfg = Debug|Any CPU
		{76F436E4-05AB-4E6E-9007-047937CE1A8B}.Debug|x86.Build.0 = Debug|Any CPU
		{76F436E4-05AB-4E6E-9007-047937CE1A8B}.Release|Any CPU.ActiveCfg = Release|Any CPU
		{76F436E4-05AB-4E6E-9007-047937CE1A8B}.Release|Any CPU.Build.0 = Release|Any CPU
		{76F436E4-05AB-4E6E-9007-047937CE1A8B}.Release|x64.ActiveCfg = Release|Any CPU
		{76F436E4-05AB-4E6E-9007-047937CE1A8B}.Release|x64.Build.0 = Release|Any CPU
		{76F436E4-05AB-4E6E-9007-047937CE1A8B}.Release|x86.ActiveCfg = Release|Any CPU
		{76F436E4-05AB-4E6E-9007-047937CE1A8B}.Release|x86.Build.0 = Release|Any CPU
		{C6673886-11C0-49AA-A29A-1EA960D9F09C}.Debug|Any CPU.ActiveCfg = Debug|Any CPU
		{C6673886-11C0-49AA-A29A-1EA960D9F09C}.Debug|Any CPU.Build.0 = Debug|Any CPU
		{C6673886-11C0-49AA-A29A-1EA960D9F09C}.Debug|x64.ActiveCfg = Debug|Any CPU
		{C6673886-11C0-49AA-A29A-1EA960D9F09C}.Debug|x64.Build.0 = Debug|Any CPU
		{C6673886-11C0-49AA-A29A-1EA960D9F09C}.Debug|x86.ActiveCfg = Debug|Any CPU
		{C6673886-11C0-49AA-A29A-1EA960D9F09C}.Debug|x86.Build.0 = Debug|Any CPU
		{C6673886-11C0-49AA-A29A-1EA960D9F09C}.Release|Any CPU.ActiveCfg = Release|Any CPU
		{C6673886-11C0-49AA-A29A-1EA960D9F09C}.Release|Any CPU.Build.0 = Release|Any CPU
		{C6673886-11C0-49AA-A29A-1EA960D9F09C}.Release|x64.ActiveCfg = Release|Any CPU
		{C6673886-11C0-49AA-A29A-1EA960D9F09C}.Release|x64.Build.0 = Release|Any CPU
		{C6673886-11C0-49AA-A29A-1EA960D9F09C}.Release|x86.ActiveCfg = Release|Any CPU
		{C6673886-11C0-49AA-A29A-1EA960D9F09C}.Release|x86.Build.0 = Release|Any CPU
		{334F4A60-04CF-4A6B-9AA2-FF991682FCBA}.Debug|Any CPU.ActiveCfg = Debug|Any CPU
		{334F4A60-04CF-4A6B-9AA2-FF991682FCBA}.Debug|Any CPU.Build.0 = Debug|Any CPU
		{334F4A60-04CF-4A6B-9AA2-FF991682FCBA}.Debug|x64.ActiveCfg = Debug|Any CPU
		{334F4A60-04CF-4A6B-9AA2-FF991682FCBA}.Debug|x64.Build.0 = Debug|Any CPU
		{334F4A60-04CF-4A6B-9AA2-FF991682FCBA}.Debug|x86.ActiveCfg = Debug|Any CPU
		{334F4A60-04CF-4A6B-9AA2-FF991682FCBA}.Debug|x86.Build.0 = Debug|Any CPU
		{334F4A60-04CF-4A6B-9AA2-FF991682FCBA}.Release|Any CPU.ActiveCfg = Release|Any CPU
		{334F4A60-04CF-4A6B-9AA2-FF991682FCBA}.Release|Any CPU.Build.0 = Release|Any CPU
		{334F4A60-04CF-4A6B-9AA2-FF991682FCBA}.Release|x64.ActiveCfg = Release|Any CPU
		{334F4A60-04CF-4A6B-9AA2-FF991682FCBA}.Release|x64.Build.0 = Release|Any CPU
		{334F4A60-04CF-4A6B-9AA2-FF991682FCBA}.Release|x86.ActiveCfg = Release|Any CPU
		{334F4A60-04CF-4A6B-9AA2-FF991682FCBA}.Release|x86.Build.0 = Release|Any CPU
		{3D3C5420-6BC2-42C2-82BC-5953493C9827}.Debug|Any CPU.ActiveCfg = Debug|Any CPU
		{3D3C5420-6BC2-42C2-82BC-5953493C9827}.Debug|Any CPU.Build.0 = Debug|Any CPU
		{3D3C5420-6BC2-42C2-82BC-5953493C9827}.Debug|x64.ActiveCfg = Debug|Any CPU
		{3D3C5420-6BC2-42C2-82BC-5953493C9827}.Debug|x64.Build.0 = Debug|Any CPU
		{3D3C5420-6BC2-42C2-82BC-5953493C9827}.Debug|x86.ActiveCfg = Debug|Any CPU
		{3D3C5420-6BC2-42C2-82BC-5953493C9827}.Debug|x86.Build.0 = Debug|Any CPU
		{3D3C5420-6BC2-42C2-82BC-5953493C9827}.Release|Any CPU.ActiveCfg = Release|Any CPU
		{3D3C5420-6BC2-42C2-82BC-5953493C9827}.Release|Any CPU.Build.0 = Release|Any CPU
		{3D3C5420-6BC2-42C2-82BC-5953493C9827}.Release|x64.ActiveCfg = Release|Any CPU
		{3D3C5420-6BC2-42C2-82BC-5953493C9827}.Release|x64.Build.0 = Release|Any CPU
		{3D3C5420-6BC2-42C2-82BC-5953493C9827}.Release|x86.ActiveCfg = Release|Any CPU
		{3D3C5420-6BC2-42C2-82BC-5953493C9827}.Release|x86.Build.0 = Release|Any CPU
		{D9CB3DDD-2A72-435F-A7F9-8CA1FB612F3F}.Debug|Any CPU.ActiveCfg = Debug|Any CPU
		{D9CB3DDD-2A72-435F-A7F9-8CA1FB612F3F}.Debug|Any CPU.Build.0 = Debug|Any CPU
		{D9CB3DDD-2A72-435F-A7F9-8CA1FB612F3F}.Debug|x64.ActiveCfg = Debug|Any CPU
		{D9CB3DDD-2A72-435F-A7F9-8CA1FB612F3F}.Debug|x64.Build.0 = Debug|Any CPU
		{D9CB3DDD-2A72-435F-A7F9-8CA1FB612F3F}.Debug|x86.ActiveCfg = Debug|Any CPU
		{D9CB3DDD-2A72-435F-A7F9-8CA1FB612F3F}.Debug|x86.Build.0 = Debug|Any CPU
		{D9CB3DDD-2A72-435F-A7F9-8CA1FB612F3F}.Release|Any CPU.ActiveCfg = Release|Any CPU
		{D9CB3DDD-2A72-435F-A7F9-8CA1FB612F3F}.Release|Any CPU.Build.0 = Release|Any CPU
		{D9CB3DDD-2A72-435F-A7F9-8CA1FB612F3F}.Release|x64.ActiveCfg = Release|Any CPU
		{D9CB3DDD-2A72-435F-A7F9-8CA1FB612F3F}.Release|x64.Build.0 = Release|Any CPU
		{D9CB3DDD-2A72-435F-A7F9-8CA1FB612F3F}.Release|x86.ActiveCfg = Release|Any CPU
		{D9CB3DDD-2A72-435F-A7F9-8CA1FB612F3F}.Release|x86.Build.0 = Release|Any CPU
		{0F49B58C-E614-4F53-B845-A97CF4DE2EFC}.Debug|Any CPU.ActiveCfg = Debug|Any CPU
		{0F49B58C-E614-4F53-B845-A97CF4DE2EFC}.Debug|Any CPU.Build.0 = Debug|Any CPU
		{0F49B58C-E614-4F53-B845-A97CF4DE2EFC}.Debug|x64.ActiveCfg = Debug|Any CPU
		{0F49B58C-E614-4F53-B845-A97CF4DE2EFC}.Debug|x64.Build.0 = Debug|Any CPU
		{0F49B58C-E614-4F53-B845-A97CF4DE2EFC}.Debug|x86.ActiveCfg = Debug|Any CPU
		{0F49B58C-E614-4F53-B845-A97CF4DE2EFC}.Debug|x86.Build.0 = Debug|Any CPU
		{0F49B58C-E614-4F53-B845-A97CF4DE2EFC}.Release|Any CPU.ActiveCfg = Release|Any CPU
		{0F49B58C-E614-4F53-B845-A97CF4DE2EFC}.Release|Any CPU.Build.0 = Release|Any CPU
		{0F49B58C-E614-4F53-B845-A97CF4DE2EFC}.Release|x64.ActiveCfg = Release|Any CPU
		{0F49B58C-E614-4F53-B845-A97CF4DE2EFC}.Release|x64.Build.0 = Release|Any CPU
		{0F49B58C-E614-4F53-B845-A97CF4DE2EFC}.Release|x86.ActiveCfg = Release|Any CPU
		{0F49B58C-E614-4F53-B845-A97CF4DE2EFC}.Release|x86.Build.0 = Release|Any CPU
		{E4E6A67C-DF65-4C68-ABF6-261F04F2474B}.Debug|Any CPU.ActiveCfg = Debug|Any CPU
		{E4E6A67C-DF65-4C68-ABF6-261F04F2474B}.Debug|Any CPU.Build.0 = Debug|Any CPU
		{E4E6A67C-DF65-4C68-ABF6-261F04F2474B}.Debug|x64.ActiveCfg = Debug|Any CPU
		{E4E6A67C-DF65-4C68-ABF6-261F04F2474B}.Debug|x64.Build.0 = Debug|Any CPU
		{E4E6A67C-DF65-4C68-ABF6-261F04F2474B}.Debug|x86.ActiveCfg = Debug|Any CPU
		{E4E6A67C-DF65-4C68-ABF6-261F04F2474B}.Debug|x86.Build.0 = Debug|Any CPU
		{E4E6A67C-DF65-4C68-ABF6-261F04F2474B}.Release|Any CPU.ActiveCfg = Release|Any CPU
		{E4E6A67C-DF65-4C68-ABF6-261F04F2474B}.Release|Any CPU.Build.0 = Release|Any CPU
		{E4E6A67C-DF65-4C68-ABF6-261F04F2474B}.Release|x64.ActiveCfg = Release|Any CPU
		{E4E6A67C-DF65-4C68-ABF6-261F04F2474B}.Release|x64.Build.0 = Release|Any CPU
		{E4E6A67C-DF65-4C68-ABF6-261F04F2474B}.Release|x86.ActiveCfg = Release|Any CPU
		{E4E6A67C-DF65-4C68-ABF6-261F04F2474B}.Release|x86.Build.0 = Release|Any CPU
		{98BB6AC4-AA9C-43A0-A2D8-266C034AE631}.Debug|Any CPU.ActiveCfg = Debug|Any CPU
		{98BB6AC4-AA9C-43A0-A2D8-266C034AE631}.Debug|Any CPU.Build.0 = Debug|Any CPU
		{98BB6AC4-AA9C-43A0-A2D8-266C034AE631}.Debug|x64.ActiveCfg = Debug|Any CPU
		{98BB6AC4-AA9C-43A0-A2D8-266C034AE631}.Debug|x64.Build.0 = Debug|Any CPU
		{98BB6AC4-AA9C-43A0-A2D8-266C034AE631}.Debug|x86.ActiveCfg = Debug|Any CPU
		{98BB6AC4-AA9C-43A0-A2D8-266C034AE631}.Debug|x86.Build.0 = Debug|Any CPU
		{98BB6AC4-AA9C-43A0-A2D8-266C034AE631}.Release|Any CPU.ActiveCfg = Release|Any CPU
		{98BB6AC4-AA9C-43A0-A2D8-266C034AE631}.Release|Any CPU.Build.0 = Release|Any CPU
		{98BB6AC4-AA9C-43A0-A2D8-266C034AE631}.Release|x64.ActiveCfg = Release|Any CPU
		{98BB6AC4-AA9C-43A0-A2D8-266C034AE631}.Release|x64.Build.0 = Release|Any CPU
		{98BB6AC4-AA9C-43A0-A2D8-266C034AE631}.Release|x86.ActiveCfg = Release|Any CPU
		{98BB6AC4-AA9C-43A0-A2D8-266C034AE631}.Release|x86.Build.0 = Release|Any CPU
		{2D23B0C4-2B0B-451A-966E-F2EBCA515D44}.Debug|Any CPU.ActiveCfg = Debug|Any CPU
		{2D23B0C4-2B0B-451A-966E-F2EBCA515D44}.Debug|Any CPU.Build.0 = Debug|Any CPU
		{2D23B0C4-2B0B-451A-966E-F2EBCA515D44}.Debug|x64.ActiveCfg = Debug|Any CPU
		{2D23B0C4-2B0B-451A-966E-F2EBCA515D44}.Debug|x64.Build.0 = Debug|Any CPU
		{2D23B0C4-2B0B-451A-966E-F2EBCA515D44}.Debug|x86.ActiveCfg = Debug|Any CPU
		{2D23B0C4-2B0B-451A-966E-F2EBCA515D44}.Debug|x86.Build.0 = Debug|Any CPU
		{2D23B0C4-2B0B-451A-966E-F2EBCA515D44}.Release|Any CPU.ActiveCfg = Release|Any CPU
		{2D23B0C4-2B0B-451A-966E-F2EBCA515D44}.Release|Any CPU.Build.0 = Release|Any CPU
		{2D23B0C4-2B0B-451A-966E-F2EBCA515D44}.Release|x64.ActiveCfg = Release|Any CPU
		{2D23B0C4-2B0B-451A-966E-F2EBCA515D44}.Release|x64.Build.0 = Release|Any CPU
		{2D23B0C4-2B0B-451A-966E-F2EBCA515D44}.Release|x86.ActiveCfg = Release|Any CPU
		{2D23B0C4-2B0B-451A-966E-F2EBCA515D44}.Release|x86.Build.0 = Release|Any CPU
		{A2C4B1D6-AF13-4AF2-A292-8FE1E9E027A9}.Debug|Any CPU.ActiveCfg = Debug|Any CPU
		{A2C4B1D6-AF13-4AF2-A292-8FE1E9E027A9}.Debug|Any CPU.Build.0 = Debug|Any CPU
		{A2C4B1D6-AF13-4AF2-A292-8FE1E9E027A9}.Debug|x64.ActiveCfg = Debug|Any CPU
		{A2C4B1D6-AF13-4AF2-A292-8FE1E9E027A9}.Debug|x64.Build.0 = Debug|Any CPU
		{A2C4B1D6-AF13-4AF2-A292-8FE1E9E027A9}.Debug|x86.ActiveCfg = Debug|Any CPU
		{A2C4B1D6-AF13-4AF2-A292-8FE1E9E027A9}.Debug|x86.Build.0 = Debug|Any CPU
		{A2C4B1D6-AF13-4AF2-A292-8FE1E9E027A9}.Release|Any CPU.ActiveCfg = Release|Any CPU
		{A2C4B1D6-AF13-4AF2-A292-8FE1E9E027A9}.Release|Any CPU.Build.0 = Release|Any CPU
		{A2C4B1D6-AF13-4AF2-A292-8FE1E9E027A9}.Release|x64.ActiveCfg = Release|Any CPU
		{A2C4B1D6-AF13-4AF2-A292-8FE1E9E027A9}.Release|x64.Build.0 = Release|Any CPU
		{A2C4B1D6-AF13-4AF2-A292-8FE1E9E027A9}.Release|x86.ActiveCfg = Release|Any CPU
		{A2C4B1D6-AF13-4AF2-A292-8FE1E9E027A9}.Release|x86.Build.0 = Release|Any CPU
		{C49AB169-1552-4AD4-AA30-3FF6A966D8D1}.Debug|Any CPU.ActiveCfg = Debug|Any CPU
		{C49AB169-1552-4AD4-AA30-3FF6A966D8D1}.Debug|Any CPU.Build.0 = Debug|Any CPU
		{C49AB169-1552-4AD4-AA30-3FF6A966D8D1}.Debug|x64.ActiveCfg = Debug|Any CPU
		{C49AB169-1552-4AD4-AA30-3FF6A966D8D1}.Debug|x64.Build.0 = Debug|Any CPU
		{C49AB169-1552-4AD4-AA30-3FF6A966D8D1}.Debug|x86.ActiveCfg = Debug|Any CPU
		{C49AB169-1552-4AD4-AA30-3FF6A966D8D1}.Debug|x86.Build.0 = Debug|Any CPU
		{C49AB169-1552-4AD4-AA30-3FF6A966D8D1}.Release|Any CPU.ActiveCfg = Release|Any CPU
		{C49AB169-1552-4AD4-AA30-3FF6A966D8D1}.Release|Any CPU.Build.0 = Release|Any CPU
		{C49AB169-1552-4AD4-AA30-3FF6A966D8D1}.Release|x64.ActiveCfg = Release|Any CPU
		{C49AB169-1552-4AD4-AA30-3FF6A966D8D1}.Release|x64.Build.0 = Release|Any CPU
		{C49AB169-1552-4AD4-AA30-3FF6A966D8D1}.Release|x86.ActiveCfg = Release|Any CPU
		{C49AB169-1552-4AD4-AA30-3FF6A966D8D1}.Release|x86.Build.0 = Release|Any CPU
		{FE406A88-2C5F-4B8D-AC31-50BC609F078D}.Debug|Any CPU.ActiveCfg = Debug|Any CPU
		{FE406A88-2C5F-4B8D-AC31-50BC609F078D}.Debug|Any CPU.Build.0 = Debug|Any CPU
		{FE406A88-2C5F-4B8D-AC31-50BC609F078D}.Debug|x64.ActiveCfg = Debug|Any CPU
		{FE406A88-2C5F-4B8D-AC31-50BC609F078D}.Debug|x64.Build.0 = Debug|Any CPU
		{FE406A88-2C5F-4B8D-AC31-50BC609F078D}.Debug|x86.ActiveCfg = Debug|Any CPU
		{FE406A88-2C5F-4B8D-AC31-50BC609F078D}.Debug|x86.Build.0 = Debug|Any CPU
		{FE406A88-2C5F-4B8D-AC31-50BC609F078D}.Release|Any CPU.ActiveCfg = Release|Any CPU
		{FE406A88-2C5F-4B8D-AC31-50BC609F078D}.Release|Any CPU.Build.0 = Release|Any CPU
		{FE406A88-2C5F-4B8D-AC31-50BC609F078D}.Release|x64.ActiveCfg = Release|Any CPU
		{FE406A88-2C5F-4B8D-AC31-50BC609F078D}.Release|x64.Build.0 = Release|Any CPU
		{FE406A88-2C5F-4B8D-AC31-50BC609F078D}.Release|x86.ActiveCfg = Release|Any CPU
		{FE406A88-2C5F-4B8D-AC31-50BC609F078D}.Release|x86.Build.0 = Release|Any CPU
		{0C2892F2-A67B-4BA9-9402-0A60C93019D4}.Debug|Any CPU.ActiveCfg = Debug|Any CPU
		{0C2892F2-A67B-4BA9-9402-0A60C93019D4}.Debug|Any CPU.Build.0 = Debug|Any CPU
		{0C2892F2-A67B-4BA9-9402-0A60C93019D4}.Debug|x64.ActiveCfg = Debug|Any CPU
		{0C2892F2-A67B-4BA9-9402-0A60C93019D4}.Debug|x64.Build.0 = Debug|Any CPU
		{0C2892F2-A67B-4BA9-9402-0A60C93019D4}.Debug|x86.ActiveCfg = Debug|Any CPU
		{0C2892F2-A67B-4BA9-9402-0A60C93019D4}.Debug|x86.Build.0 = Debug|Any CPU
		{0C2892F2-A67B-4BA9-9402-0A60C93019D4}.Release|Any CPU.ActiveCfg = Release|Any CPU
		{0C2892F2-A67B-4BA9-9402-0A60C93019D4}.Release|Any CPU.Build.0 = Release|Any CPU
		{0C2892F2-A67B-4BA9-9402-0A60C93019D4}.Release|x64.ActiveCfg = Release|Any CPU
		{0C2892F2-A67B-4BA9-9402-0A60C93019D4}.Release|x64.Build.0 = Release|Any CPU
		{0C2892F2-A67B-4BA9-9402-0A60C93019D4}.Release|x86.ActiveCfg = Release|Any CPU
		{0C2892F2-A67B-4BA9-9402-0A60C93019D4}.Release|x86.Build.0 = Release|Any CPU
		{A27BDC09-41CC-4CBC-BB76-53A89E208A0B}.Debug|Any CPU.ActiveCfg = Debug|Any CPU
		{A27BDC09-41CC-4CBC-BB76-53A89E208A0B}.Debug|Any CPU.Build.0 = Debug|Any CPU
		{A27BDC09-41CC-4CBC-BB76-53A89E208A0B}.Debug|x64.ActiveCfg = Debug|Any CPU
		{A27BDC09-41CC-4CBC-BB76-53A89E208A0B}.Debug|x64.Build.0 = Debug|Any CPU
		{A27BDC09-41CC-4CBC-BB76-53A89E208A0B}.Debug|x86.ActiveCfg = Debug|Any CPU
		{A27BDC09-41CC-4CBC-BB76-53A89E208A0B}.Debug|x86.Build.0 = Debug|Any CPU
		{A27BDC09-41CC-4CBC-BB76-53A89E208A0B}.Release|Any CPU.ActiveCfg = Release|Any CPU
		{A27BDC09-41CC-4CBC-BB76-53A89E208A0B}.Release|Any CPU.Build.0 = Release|Any CPU
		{A27BDC09-41CC-4CBC-BB76-53A89E208A0B}.Release|x64.ActiveCfg = Release|Any CPU
		{A27BDC09-41CC-4CBC-BB76-53A89E208A0B}.Release|x64.Build.0 = Release|Any CPU
		{A27BDC09-41CC-4CBC-BB76-53A89E208A0B}.Release|x86.ActiveCfg = Release|Any CPU
		{A27BDC09-41CC-4CBC-BB76-53A89E208A0B}.Release|x86.Build.0 = Release|Any CPU
		{1DCF1E49-DBF1-4D3D-8C13-C3FA7176DEC2}.Debug|Any CPU.ActiveCfg = Debug|Any CPU
		{1DCF1E49-DBF1-4D3D-8C13-C3FA7176DEC2}.Debug|Any CPU.Build.0 = Debug|Any CPU
		{1DCF1E49-DBF1-4D3D-8C13-C3FA7176DEC2}.Debug|x64.ActiveCfg = Debug|Any CPU
		{1DCF1E49-DBF1-4D3D-8C13-C3FA7176DEC2}.Debug|x64.Build.0 = Debug|Any CPU
		{1DCF1E49-DBF1-4D3D-8C13-C3FA7176DEC2}.Debug|x86.ActiveCfg = Debug|Any CPU
		{1DCF1E49-DBF1-4D3D-8C13-C3FA7176DEC2}.Debug|x86.Build.0 = Debug|Any CPU
		{1DCF1E49-DBF1-4D3D-8C13-C3FA7176DEC2}.Release|Any CPU.ActiveCfg = Release|Any CPU
		{1DCF1E49-DBF1-4D3D-8C13-C3FA7176DEC2}.Release|Any CPU.Build.0 = Release|Any CPU
		{1DCF1E49-DBF1-4D3D-8C13-C3FA7176DEC2}.Release|x64.ActiveCfg = Release|Any CPU
		{1DCF1E49-DBF1-4D3D-8C13-C3FA7176DEC2}.Release|x64.Build.0 = Release|Any CPU
		{1DCF1E49-DBF1-4D3D-8C13-C3FA7176DEC2}.Release|x86.ActiveCfg = Release|Any CPU
		{1DCF1E49-DBF1-4D3D-8C13-C3FA7176DEC2}.Release|x86.Build.0 = Release|Any CPU
		{EAB4D710-008F-4E76-AF16-1E54FC79CE46}.Debug|Any CPU.ActiveCfg = Debug|Any CPU
		{EAB4D710-008F-4E76-AF16-1E54FC79CE46}.Debug|Any CPU.Build.0 = Debug|Any CPU
		{EAB4D710-008F-4E76-AF16-1E54FC79CE46}.Debug|x64.ActiveCfg = Debug|Any CPU
		{EAB4D710-008F-4E76-AF16-1E54FC79CE46}.Debug|x64.Build.0 = Debug|Any CPU
		{EAB4D710-008F-4E76-AF16-1E54FC79CE46}.Debug|x86.ActiveCfg = Debug|Any CPU
		{EAB4D710-008F-4E76-AF16-1E54FC79CE46}.Debug|x86.Build.0 = Debug|Any CPU
		{EAB4D710-008F-4E76-AF16-1E54FC79CE46}.Release|Any CPU.ActiveCfg = Release|Any CPU
		{EAB4D710-008F-4E76-AF16-1E54FC79CE46}.Release|Any CPU.Build.0 = Release|Any CPU
		{EAB4D710-008F-4E76-AF16-1E54FC79CE46}.Release|x64.ActiveCfg = Release|Any CPU
		{EAB4D710-008F-4E76-AF16-1E54FC79CE46}.Release|x64.Build.0 = Release|Any CPU
		{EAB4D710-008F-4E76-AF16-1E54FC79CE46}.Release|x86.ActiveCfg = Release|Any CPU
		{EAB4D710-008F-4E76-AF16-1E54FC79CE46}.Release|x86.Build.0 = Release|Any CPU
	EndGlobalSection
	GlobalSection(SolutionProperties) = preSolution
		HideSolutionNode = FALSE
	EndGlobalSection
	GlobalSection(ExtensibilityGlobals) = postSolution
		SolutionGuid = {0DABB090-F748-4529-95DA-80E640F824CE}
	EndGlobalSection
EndGlobal
