
Microsoft Visual Studio Solution File, Format Version 12.00
# Visual Studio 15
VisualStudioVersion = 15.0.26124.0
MinimumVisualStudioVersion = 15.0.26124.0
Project("{9A19103F-16F7-4668-BE54-9A1E7A4F7556}") = "GovUk.Education.ExploreEducationStatistics.Data.Api", "GovUk.Education.ExploreEducationStatistics.Data.Api\GovUk.Education.ExploreEducationStatistics.Data.Api.csproj", "{15519CD7-84C9-467D-9A1F-12AC044F3328}"
EndProject
Project("{9A19103F-16F7-4668-BE54-9A1E7A4F7556}") = "GovUk.Education.ExploreEducationStatistics.Content.Api", "GovUk.Education.ExploreEducationStatistics.Content.Api\GovUk.Education.ExploreEducationStatistics.Content.Api.csproj", "{76F436E4-05AB-4E6E-9007-047937CE1A8B}"
EndProject
Project("{9A19103F-16F7-4668-BE54-9A1E7A4F7556}") = "GovUk.Education.ExploreStatistics.Data.Api.Tests", "GovUk.Education.ExploreStatistics.Data.Api.Tests\GovUk.Education.ExploreStatistics.Data.Api.Tests.csproj", "{C6673886-11C0-49AA-A29A-1EA960D9F09C}"
EndProject
Project("{9A19103F-16F7-4668-BE54-9A1E7A4F7556}") = "GovUk.Education.ExploreStatistics.Admin", "GovUk.Education.ExploreStatistics.Admin\GovUk.Education.ExploreStatistics.Admin.csproj", "{334F4A60-04CF-4A6B-9AA2-FF991682FCBA}"
EndProject
Project("{9A19103F-16F7-4668-BE54-9A1E7A4F7556}") = "GovUk.Education.ExploreStatistics.Admin.Tests", "GovUk.Education.ExploreStatistics.Admin.Tests\GovUk.Education.ExploreStatistics.Admin.Tests.csproj", "{3D3C5420-6BC2-42C2-82BC-5953493C9827}"
EndProject
Project("{FAE04EC0-301F-11D3-BF4B-00C04F79EFBC}") = "GovUk.Education.ExploreStatistics.Content.Api.Tests", "GovUk.Education.ExploreStatistics.Content.Api.Tests\GovUk.Education.ExploreStatistics.Content.Api.Tests.csproj", "{D9CB3DDD-2A72-435F-A7F9-8CA1FB612F3F}"
EndProject
Global
	GlobalSection(SolutionConfigurationPlatforms) = preSolution
		Debug|Any CPU = Debug|Any CPU
		Debug|x64 = Debug|x64
		Debug|x86 = Debug|x86
		Release|Any CPU = Release|Any CPU
		Release|x64 = Release|x64
		Release|x86 = Release|x86
	EndGlobalSection
	GlobalSection(ProjectConfigurationPlatforms) = postSolution
		{15519CD7-84C9-467D-9A1F-12AC044F3328}.Debug|Any CPU.ActiveCfg = Debug|Any CPU
		{15519CD7-84C9-467D-9A1F-12AC044F3328}.Debug|Any CPU.Build.0 = Debug|Any CPU
		{15519CD7-84C9-467D-9A1F-12AC044F3328}.Debug|x64.ActiveCfg = Debug|Any CPU
		{15519CD7-84C9-467D-9A1F-12AC044F3328}.Debug|x64.Build.0 = Debug|Any CPU
		{15519CD7-84C9-467D-9A1F-12AC044F3328}.Debug|x86.ActiveCfg = Debug|Any CPU
		{15519CD7-84C9-467D-9A1F-12AC044F3328}.Debug|x86.Build.0 = Debug|Any CPU
		{15519CD7-84C9-467D-9A1F-12AC044F3328}.Release|Any CPU.ActiveCfg = Release|Any CPU
		{15519CD7-84C9-467D-9A1F-12AC044F3328}.Release|Any CPU.Build.0 = Release|Any CPU
		{15519CD7-84C9-467D-9A1F-12AC044F3328}.Release|x64.ActiveCfg = Release|Any CPU
		{15519CD7-84C9-467D-9A1F-12AC044F3328}.Release|x64.Build.0 = Release|Any CPU
		{15519CD7-84C9-467D-9A1F-12AC044F3328}.Release|x86.ActiveCfg = Release|Any CPU
		{15519CD7-84C9-467D-9A1F-12AC044F3328}.Release|x86.Build.0 = Release|Any CPU
		{76F436E4-05AB-4E6E-9007-047937CE1A8B}.Debug|Any CPU.ActiveCfg = Debug|Any CPU
		{76F436E4-05AB-4E6E-9007-047937CE1A8B}.Debug|Any CPU.Build.0 = Debug|Any CPU
		{76F436E4-05AB-4E6E-9007-047937CE1A8B}.Debug|x64.ActiveCfg = Debug|Any CPU
		{76F436E4-05AB-4E6E-9007-047937CE1A8B}.Debug|x64.Build.0 = Debug|Any CPU
		{76F436E4-05AB-4E6E-9007-047937CE1A8B}.Debug|x86.ActiveCfg = Debug|Any CPU
		{76F436E4-05AB-4E6E-9007-047937CE1A8B}.Debug|x86.Build.0 = Debug|Any CPU
		{76F436E4-05AB-4E6E-9007-047937CE1A8B}.Release|Any CPU.ActiveCfg = Release|Any CPU
		{76F436E4-05AB-4E6E-9007-047937CE1A8B}.Release|Any CPU.Build.0 = Release|Any CPU
		{76F436E4-05AB-4E6E-9007-047937CE1A8B}.Release|x64.ActiveCfg = Release|Any CPU
		{76F436E4-05AB-4E6E-9007-047937CE1A8B}.Release|x64.Build.0 = Release|Any CPU
		{76F436E4-05AB-4E6E-9007-047937CE1A8B}.Release|x86.ActiveCfg = Release|Any CPU
		{76F436E4-05AB-4E6E-9007-047937CE1A8B}.Release|x86.Build.0 = Release|Any CPU
		{C6673886-11C0-49AA-A29A-1EA960D9F09C}.Debug|Any CPU.ActiveCfg = Debug|Any CPU
		{C6673886-11C0-49AA-A29A-1EA960D9F09C}.Debug|Any CPU.Build.0 = Debug|Any CPU
		{C6673886-11C0-49AA-A29A-1EA960D9F09C}.Debug|x64.ActiveCfg = Debug|Any CPU
		{C6673886-11C0-49AA-A29A-1EA960D9F09C}.Debug|x64.Build.0 = Debug|Any CPU
		{C6673886-11C0-49AA-A29A-1EA960D9F09C}.Debug|x86.ActiveCfg = Debug|Any CPU
		{C6673886-11C0-49AA-A29A-1EA960D9F09C}.Debug|x86.Build.0 = Debug|Any CPU
		{C6673886-11C0-49AA-A29A-1EA960D9F09C}.Release|Any CPU.ActiveCfg = Release|Any CPU
		{C6673886-11C0-49AA-A29A-1EA960D9F09C}.Release|Any CPU.Build.0 = Release|Any CPU
		{C6673886-11C0-49AA-A29A-1EA960D9F09C}.Release|x64.ActiveCfg = Release|Any CPU
		{C6673886-11C0-49AA-A29A-1EA960D9F09C}.Release|x64.Build.0 = Release|Any CPU
		{C6673886-11C0-49AA-A29A-1EA960D9F09C}.Release|x86.ActiveCfg = Release|Any CPU
		{C6673886-11C0-49AA-A29A-1EA960D9F09C}.Release|x86.Build.0 = Release|Any CPU
		{334F4A60-04CF-4A6B-9AA2-FF991682FCBA}.Debug|Any CPU.ActiveCfg = Debug|Any CPU
		{334F4A60-04CF-4A6B-9AA2-FF991682FCBA}.Debug|Any CPU.Build.0 = Debug|Any CPU
		{334F4A60-04CF-4A6B-9AA2-FF991682FCBA}.Debug|x64.ActiveCfg = Debug|Any CPU
		{334F4A60-04CF-4A6B-9AA2-FF991682FCBA}.Debug|x64.Build.0 = Debug|Any CPU
		{334F4A60-04CF-4A6B-9AA2-FF991682FCBA}.Debug|x86.ActiveCfg = Debug|Any CPU
		{334F4A60-04CF-4A6B-9AA2-FF991682FCBA}.Debug|x86.Build.0 = Debug|Any CPU
		{334F4A60-04CF-4A6B-9AA2-FF991682FCBA}.Release|Any CPU.ActiveCfg = Release|Any CPU
		{334F4A60-04CF-4A6B-9AA2-FF991682FCBA}.Release|Any CPU.Build.0 = Release|Any CPU
		{334F4A60-04CF-4A6B-9AA2-FF991682FCBA}.Release|x64.ActiveCfg = Release|Any CPU
		{334F4A60-04CF-4A6B-9AA2-FF991682FCBA}.Release|x64.Build.0 = Release|Any CPU
		{334F4A60-04CF-4A6B-9AA2-FF991682FCBA}.Release|x86.ActiveCfg = Release|Any CPU
		{334F4A60-04CF-4A6B-9AA2-FF991682FCBA}.Release|x86.Build.0 = Release|Any CPU
		{3D3C5420-6BC2-42C2-82BC-5953493C9827}.Debug|Any CPU.ActiveCfg = Debug|Any CPU
		{3D3C5420-6BC2-42C2-82BC-5953493C9827}.Debug|Any CPU.Build.0 = Debug|Any CPU
		{3D3C5420-6BC2-42C2-82BC-5953493C9827}.Debug|x64.ActiveCfg = Debug|Any CPU
		{3D3C5420-6BC2-42C2-82BC-5953493C9827}.Debug|x64.Build.0 = Debug|Any CPU
		{3D3C5420-6BC2-42C2-82BC-5953493C9827}.Debug|x86.ActiveCfg = Debug|Any CPU
		{3D3C5420-6BC2-42C2-82BC-5953493C9827}.Debug|x86.Build.0 = Debug|Any CPU
		{3D3C5420-6BC2-42C2-82BC-5953493C9827}.Release|Any CPU.ActiveCfg = Release|Any CPU
		{3D3C5420-6BC2-42C2-82BC-5953493C9827}.Release|Any CPU.Build.0 = Release|Any CPU
		{3D3C5420-6BC2-42C2-82BC-5953493C9827}.Release|x64.ActiveCfg = Release|Any CPU
		{3D3C5420-6BC2-42C2-82BC-5953493C9827}.Release|x64.Build.0 = Release|Any CPU
		{3D3C5420-6BC2-42C2-82BC-5953493C9827}.Release|x86.ActiveCfg = Release|Any CPU
		{3D3C5420-6BC2-42C2-82BC-5953493C9827}.Release|x86.Build.0 = Release|Any CPU
		{D9CB3DDD-2A72-435F-A7F9-8CA1FB612F3F}.Debug|Any CPU.ActiveCfg = Debug|Any CPU
		{D9CB3DDD-2A72-435F-A7F9-8CA1FB612F3F}.Debug|Any CPU.Build.0 = Debug|Any CPU
		{D9CB3DDD-2A72-435F-A7F9-8CA1FB612F3F}.Debug|x64.ActiveCfg = Debug|Any CPU
		{D9CB3DDD-2A72-435F-A7F9-8CA1FB612F3F}.Debug|x64.Build.0 = Debug|Any CPU
		{D9CB3DDD-2A72-435F-A7F9-8CA1FB612F3F}.Debug|x86.ActiveCfg = Debug|Any CPU
		{D9CB3DDD-2A72-435F-A7F9-8CA1FB612F3F}.Debug|x86.Build.0 = Debug|Any CPU
		{D9CB3DDD-2A72-435F-A7F9-8CA1FB612F3F}.Release|Any CPU.ActiveCfg = Release|Any CPU
		{D9CB3DDD-2A72-435F-A7F9-8CA1FB612F3F}.Release|Any CPU.Build.0 = Release|Any CPU
		{D9CB3DDD-2A72-435F-A7F9-8CA1FB612F3F}.Release|x64.ActiveCfg = Release|Any CPU
		{D9CB3DDD-2A72-435F-A7F9-8CA1FB612F3F}.Release|x64.Build.0 = Release|Any CPU
		{D9CB3DDD-2A72-435F-A7F9-8CA1FB612F3F}.Release|x86.ActiveCfg = Release|Any CPU
		{D9CB3DDD-2A72-435F-A7F9-8CA1FB612F3F}.Release|x86.Build.0 = Release|Any CPU
	EndGlobalSection
	GlobalSection(SolutionProperties) = preSolution
		HideSolutionNode = FALSE
	EndGlobalSection
	GlobalSection(ExtensibilityGlobals) = postSolution
		SolutionGuid = {0DABB090-F748-4529-95DA-80E640F824CE}
	EndGlobalSection
EndGlobal
